
Microsoft Visual Studio Solution File, Format Version 12.00
# SQL Server Management Studio Version 21
VisualStudioVersion = 17.14.36408.4
MinimumVisualStudioVersion = 10.0.40219.1
Project("{4F2E2C19-372F-40D8-9FA7-9D2138C6997A}") = "Grupo03", "Grupo03.ssmssqlproj", "{35357719-0E4D-EAEC-999C-3D46EFD1A857}"
EndProject
Global
	GlobalSection(SolutionConfigurationPlatforms) = preSolution
		Default|Default = Default|Default
	EndGlobalSection
	GlobalSection(ProjectConfigurationPlatforms) = postSolution
		{35357719-0E4D-EAEC-999C-3D46EFD1A857}.Default|Default.ActiveCfg = Default
		{AFC7F76B-0565-43F3-ADF8-AF0099F81543}.Default|Default.ActiveCfg = Default
	EndGlobalSection
	GlobalSection(SolutionProperties) = preSolution
		HideSolutionNode = FALSE
	EndGlobalSection
	GlobalSection(ExtensibilityGlobals) = postSolution
		SolutionGuid = {9C087CFB-9548-4717-B608-C11629A03594}
	EndGlobalSection
EndGlobal
